# This file is automatically @generated by Poetry 1.8.3 and should not be changed by hand.

[[package]]
name = "playsound"
version = "1.3.0"
description = "Pure Python, cross platform, single function module with no dependencies for playing sounds."
optional = false
python-versions = "*"
files = [
    {file = "playsound-1.3.0.tar.gz", hash = "sha256:cc6ed11d773034b0ef624e6bb4bf50f4b76b8414a59ce6d38afb89b423297ced"},
]

[metadata]
lock-version = "2.0"
python-versions = "^3.11"
content-hash = "79b7abd6f582a63358e09c50526f3f746f0564d87d938f8487db77c09481756f"
